
Microsoft Visual Studio Solution File, Format Version 12.00
# Visual Studio 15
VisualStudioVersion = 15.0.28307.168
MinimumVisualStudioVersion = 10.0.40219.1
Project("{8BC9CEB8-8B4A-11D0-8D11-00A0C91BC942}") = "ProgrammingPearls", "ProgrammingPearls\ProgrammingPearls.vcxproj", "{556B654F-90FC-4915-8DC9-DCCEB2706EAB}"
EndProject
Project("{8BC9CEB8-8B4A-11D0-8D11-00A0C91BC942}") = "HackersDelight", "HackersDelight\HackersDelight.vcxproj", "{6DB901DC-8C5C-4F86-B8AD-087CDA7008D2}"
EndProject
Global
	GlobalSection(SolutionConfigurationPlatforms) = preSolution
		Debug|x64 = Debug|x64
		Debug|x86 = Debug|x86
		Release|x64 = Release|x64
		Release|x86 = Release|x86
	EndGlobalSection
	GlobalSection(ProjectConfigurationPlatforms) = postSolution
		{556B654F-90FC-4915-8DC9-DCCEB2706EAB}.Debug|x64.ActiveCfg = Debug|x64
		{556B654F-90FC-4915-8DC9-DCCEB2706EAB}.Debug|x64.Build.0 = Debug|x64
		{556B654F-90FC-4915-8DC9-DCCEB2706EAB}.Debug|x86.ActiveCfg = Debug|Win32
		{556B654F-90FC-4915-8DC9-DCCEB2706EAB}.Debug|x86.Build.0 = Debug|Win32
		{556B654F-90FC-4915-8DC9-DCCEB2706EAB}.Release|x64.ActiveCfg = Release|x64
		{556B654F-90FC-4915-8DC9-DCCEB2706EAB}.Release|x64.Build.0 = Release|x64
		{556B654F-90FC-4915-8DC9-DCCEB2706EAB}.Release|x86.ActiveCfg = Release|Win32
		{556B654F-90FC-4915-8DC9-DCCEB2706EAB}.Release|x86.Build.0 = Release|Win32
		{6DB901DC-8C5C-4F86-B8AD-087CDA7008D2}.Debug|x64.ActiveCfg = Debug|x64
		{6DB901DC-8C5C-4F86-B8AD-087CDA7008D2}.Debug|x64.Build.0 = Debug|x64
		{6DB901DC-8C5C-4F86-B8AD-087CDA7008D2}.Debug|x86.ActiveCfg = Debug|Win32
		{6DB901DC-8C5C-4F86-B8AD-087CDA7008D2}.Debug|x86.Build.0 = Debug|Win32
		{6DB901DC-8C5C-4F86-B8AD-087CDA7008D2}.Release|x64.ActiveCfg = Release|x64
		{6DB901DC-8C5C-4F86-B8AD-087CDA7008D2}.Release|x64.Build.0 = Release|x64
		{6DB901DC-8C5C-4F86-B8AD-087CDA7008D2}.Release|x86.ActiveCfg = Release|Win32
		{6DB901DC-8C5C-4F86-B8AD-087CDA7008D2}.Release|x86.Build.0 = Release|Win32
	EndGlobalSection
	GlobalSection(SolutionProperties) = preSolution
		HideSolutionNode = FALSE
	EndGlobalSection
	GlobalSection(ExtensibilityGlobals) = postSolution
		SolutionGuid = {F5EFB160-44C3-4239-BFCF-A2E03F62CAEE}
	EndGlobalSection
EndGlobal
